
Microsoft Visual Studio Solution File, Format Version 12.00
# Visual Studio Version 17
VisualStudioVersion = 17.4.33103.184
MinimumVisualStudioVersion = 10.0.40219.1
Project("{FAE04EC0-301F-11D3-BF4B-00C04F79EFBC}") = "MEDH", "MEDH\MEDH.csproj", "{FC24AEBA-DC10-4CE1-96D0-8E7C1A0487BB}"
EndProject
Global
	GlobalSection(SolutionConfigurationPlatforms) = preSolution
		Debug|Any CPU = Debug|Any CPU
		Release|Any CPU = Release|Any CPU
	EndGlobalSection
	GlobalSection(ProjectConfigurationPlatforms) = postSolution
		{FC24AEBA-DC10-4CE1-96D0-8E7C1A0487BB}.Debug|Any CPU.ActiveCfg = Debug|Any CPU
		{FC24AEBA-DC10-4CE1-96D0-8E7C1A0487BB}.Debug|Any CPU.Build.0 = Debug|Any CPU
		{FC24AEBA-DC10-4CE1-96D0-8E7C1A0487BB}.Release|Any CPU.ActiveCfg = Release|Any CPU
		{FC24AEBA-DC10-4CE1-96D0-8E7C1A0487BB}.Release|Any CPU.Build.0 = Release|Any CPU
	EndGlobalSection
	GlobalSection(SolutionProperties) = preSolution
		HideSolutionNode = FALSE
	EndGlobalSection
	GlobalSection(ExtensibilityGlobals) = postSolution
		SolutionGuid = {92B1BDA0-0A43-42F7-B548-1F794C992CCD}
	EndGlobalSection
EndGlobal
